version = 1
revision = 3
requires-python = ">=3.14"

[[package]]
name = "gadget"
version = "0.1.0"
source = { editable = "." }
dependencies = [
    { name = "spike3-stubs" },
]

[package.metadata]
requires-dist = [{ name = "spike3-stubs", specifier = ">=0.1.2" }]

[[package]]
name = "spike3-stubs"
version = "0.1.2"
source = { registry = "https://pypi.org/simple" }
sdist = { url = "https://files.pythonhosted.org/packages/01/82/8161dec798473829005a9de1a071ca548357e5f277dbf8538de509cdf717/spike3_stubs-0.1.2.tar.gz", hash = "sha256:a1408139ad7cc81b631dc65f12aeae8bf96fbe662c4ff9252e6beac5ff0441b0", size = 16601, upload-time = "2026-05-22T13:17:42.903Z" }
wheels = [
    { url = "https://files.pythonhosted.org/packages/8a/80/e32d9f398ea4b1411998b2ee0c8ba1f6c928de754511c42c4b712cff8432/spike3_stubs-0.1.2-py3-none-any.whl", hash = "sha256:38eb21cd6b7f9163174be2cfb48985f791266bba51a792690eaeb28c86527f69", size = 24228, upload-time = "2026-05-22T13:17:41.588Z" },
]
